
Microsoft Visual Studio Solution File, Format Version 11.00
# Visual Studio 2010
Project("{FAE04EC0-301F-11D3-BF4B-00C04F79EFBC}") = "MaYaStone", "Assembly-CSharp-firstpass.csproj", "{75939DC3-355C-9221-0EE6-C3D7DEF8C07B}"
EndProject
Project("{FAE04EC0-301F-11D3-BF4B-00C04F79EFBC}") = "MaYaStone", "Assembly-CSharp.csproj", "{84265325-C3A6-FE28-A103-9EB3849B1579}"
EndProject
Global
	GlobalSection(SolutionConfigurationPlatforms) = preSolution
		Debug|Any CPU = Debug|Any CPU
		Release|Any CPU = Release|Any CPU
	EndGlobalSection
	GlobalSection(ProjectConfigurationPlatforms) = postSolution
		{75939DC3-355C-9221-0EE6-C3D7DEF8C07B}.Debug|Any CPU.ActiveCfg = Debug|Any CPU
		{75939DC3-355C-9221-0EE6-C3D7DEF8C07B}.Debug|Any CPU.Build.0 = Debug|Any CPU
		{75939DC3-355C-9221-0EE6-C3D7DEF8C07B}.Release|Any CPU.ActiveCfg = Release|Any CPU
		{75939DC3-355C-9221-0EE6-C3D7DEF8C07B}.Release|Any CPU.Build.0 = Release|Any CPU
		{84265325-C3A6-FE28-A103-9EB3849B1579}.Debug|Any CPU.ActiveCfg = Debug|Any CPU
		{84265325-C3A6-FE28-A103-9EB3849B1579}.Debug|Any CPU.Build.0 = Debug|Any CPU
		{84265325-C3A6-FE28-A103-9EB3849B1579}.Release|Any CPU.ActiveCfg = Release|Any CPU
		{84265325-C3A6-FE28-A103-9EB3849B1579}.Release|Any CPU.Build.0 = Release|Any CPU
	EndGlobalSection
	GlobalSection(SolutionProperties) = preSolution
		HideSolutionNode = FALSE
	EndGlobalSection
	GlobalSection(MonoDevelopProperties) = preSolution
		StartupItem = Assembly-CSharp.csproj
	EndGlobalSection
EndGlobal
